{
    "amphp/amp": {
        "version": "v2.4.1"
    },
    "amphp/byte-stream": {
        "version": "v1.7.2"
    },
    "clue/stream-filter": {
        "version": "v1.4.1"
    },
    "composer/semver": {
        "version": "1.5.1"
    },
    "composer/xdebug-handler": {
        "version": "1.4.1"
    },
    "felixfbecker/advanced-json-rpc": {
        "version": "v3.1.1"
    },
    "felixfbecker/language-server-protocol": {
        "version": "v1.4.0"
    },
    "friendsofphp/php-cs-fixer": {
        "version": "2.2",
        "recipe": {
            "repo": "github.com/symfony/recipes",
            "branch": "master",
            "version": "2.2",
            "ref": "cc05ab6abf6894bddb9bbd6a252459010ebe040b"
        },
        "files": [
            ".php_cs.dist"
        ]
    },
    "guzzlehttp/guzzle": {
        "version": "6.5.2"
    },
    "guzzlehttp/promises": {
        "version": "v1.3.1"
    },
    "guzzlehttp/psr7": {
        "version": "1.6.1"
    },
    "http-interop/http-factory-guzzle": {
        "version": "1.0.0"
    },
    "jean85/pretty-package-versions": {
        "version": "1.2"
    },
    "netresearch/jsonmapper": {
        "version": "v1.6.0"
    },
    "nette/application": {
        "version": "v3.0.4"
    },
    "nette/component-model": {
        "version": "v3.0.0"
    },
    "nette/finder": {
        "version": "v2.5.2"
    },
    "nette/http": {
        "version": "v3.0.3"
    },
    "nette/robot-loader": {
        "version": "v3.2.3"
    },
    "nette/routing": {
        "version": "v3.0.0"
    },
    "nette/utils": {
        "version": "v3.1.1"
    },
    "openlss/lib-array2xml": {
        "version": "1.0.0"
    },
    "php": {
        "version": "7.4"
    },
    "php-cs-fixer/diff": {
        "version": "v1.3.0"
    },
    "php-http/client-common": {
        "version": "2.1.0"
    },
    "php-http/discovery": {
        "version": "1.7.4"
    },
    "php-http/guzzle6-adapter": {
        "version": "v2.0.1"
    },
    "php-http/httplug": {
        "version": "2.1.0"
    },
    "php-http/message": {
        "version": "1.8.0"
    },
    "php-http/message-factory": {
        "version": "v1.0.2"
    },
    "php-http/promise": {
        "version": "v1.0.0"
    },
    "phpstan/phpdoc-parser": {
        "version": "0.4.3"
    },
    "psr/http-client": {
        "version": "1.0.0"
    },
    "psr/http-factory": {
        "version": "1.0.1"
    },
    "psr/http-message": {
        "version": "1.0.1"
    },
    "psr/simple-cache": {
        "version": "1.0.1"
    },
    "ralouphie/getallheaders": {
        "version": "3.0.3"
    },
    "sentry/sdk": {
        "version": "2.1.0"
    },
    "sentry/sentry": {
        "version": "2.3.2"
    },
    "sentry/sentry-symfony": {
        "version": "3.0",
        "recipe": {
            "repo": "github.com/symfony/recipes-contrib",
            "branch": "master",
            "version": "3.0",
            "ref": "9746f0823302d7980e5273ef7a69ef3f5ac80914"
        },
        "files": [
            "config/packages/sentry.yaml"
        ]
    },
    "slevomat/coding-standard": {
        "version": "6.1.5"
    },
    "symfony/polyfill-uuid": {
        "version": "v1.15.0"
    },
    "symfony/process": {
        "version": "v5.0.6"
    },
    "symfony/security-core": {
        "version": "v5.0.6"
    },
    "symplify/auto-bind-parameter": {
        "version": "v7.2.8"
    },
    "symplify/autowire-array-parameter": {
        "version": "v7.2.8"
    },
    "symplify/coding-standard": {
        "version": "v7.2.8"
    },
    "symplify/easy-coding-standard": {
        "version": "v7.2.0"
    },
    "symplify/package-builder": {
        "version": "v7.2.8"
    },
    "symplify/set-config-resolver": {
        "version": "v7.2.8"
    },
    "symplify/smart-file-system": {
        "version": "v7.2.8"
    },
    "vimeo/psalm": {
        "version": "3.10.1"
    },
    "webmozart/glob": {
        "version": "4.1.0"
    },
    "webmozart/path-util": {
        "version": "2.3.0"
    }
}
